// !$*UTF8*$!
{
	archiveVersion = 1;
	classes = {
	};
	objectVersion = 46;
	objects = {

/* Begin PBXBuildFile section */
		963927341C40E1C500BEB277 /* main.m in Sources */ = {isa = PBXBuildFile; fileRef = 963927331C40E1C500BEB277 /* main.m */; };
		963927371C40E1C500BEB277 /* AppDelegate.m in Sources */ = {isa = PBXBuildFile; fileRef = 963927361C40E1C500BEB277 /* AppDelegate.m */; };
		9639273A1C40E1C500BEB277 /* Start.m in Sources */ = {isa = PBXBuildFile; fileRef = 963927391C40E1C500BEB277 /* Start.m */; };
		9639273D1C40E1C500BEB277 /* Main.storyboard in Resources */ = {isa = PBXBuildFile; fileRef = 9639273B1C40E1C500BEB277 /* Main.storyboard */; };
		9639273F1C40E1C500BEB277 /* Assets.xcassets in Resources */ = {isa = PBXBuildFile; fileRef = 9639273E1C40E1C500BEB277 /* Assets.xcassets */; };
		963927421C40E1C500BEB277 /* LaunchScreen.storyboard in Resources */ = {isa = PBXBuildFile; fileRef = 963927401C40E1C500BEB277 /* LaunchScreen.storyboard */; };
		963927551C40E2B300BEB277 /* Card.m in Sources */ = {isa = PBXBuildFile; fileRef = 9639274B1C40E2B300BEB277 /* Card.m */; };
		963927561C40E2B300BEB277 /* Conekta.m in Sources */ = {isa = PBXBuildFile; fileRef = 9639274D1C40E2B300BEB277 /* Conekta.m */; };
		963927571C40E2B300BEB277 /* Connection.m in Sources */ = {isa = PBXBuildFile; fileRef = 963927521C40E2B300BEB277 /* Connection.m */; };
		963927581C40E2B300BEB277 /* Token.m in Sources */ = {isa = PBXBuildFile; fileRef = 963927541C40E2B300BEB277 /* Token.m */; };
/* End PBXBuildFile section */

/* Begin PBXFileReference section */
		9639272F1C40E1C500BEB277 /* ConektaToken.app */ = {isa = PBXFileReference; explicitFileType = wrapper.application; includeInIndex = 0; path = ConektaToken.app; sourceTree = BUILT_PRODUCTS_DIR; };
		963927331C40E1C500BEB277 /* main.m */ = {isa = PBXFileReference; lastKnownFileType = sourcecode.c.objc; path = main.m; sourceTree = "<group>"; };
		963927351C40E1C500BEB277 /* AppDelegate.h */ = {isa = PBXFileReference; lastKnownFileType = sourcecode.c.h; path = AppDelegate.h; sourceTree = "<group>"; };
		963927361C40E1C500BEB277 /* AppDelegate.m */ = {isa = PBXFileReference; lastKnownFileType = sourcecode.c.objc; path = AppDelegate.m; sourceTree = "<group>"; };
		963927381C40E1C500BEB277 /* Start.h */ = {isa = PBXFileReference; lastKnownFileType = sourcecode.c.h; path = Start.h; sourceTree = "<group>"; };
		963927391C40E1C500BEB277 /* Start.m */ = {isa = PBXFileReference; lastKnownFileType = sourcecode.c.objc; path = Start.m; sourceTree = "<group>"; };
		9639273C1C40E1C500BEB277 /* Base */ = {isa = PBXFileReference; lastKnownFileType = file.storyboard; name = Base; path = Base.lproj/Main.storyboard; sourceTree = "<group>"; };
		9639273E1C40E1C500BEB277 /* Assets.xcassets */ = {isa = PBXFileReference; lastKnownFileType = folder.assetcatalog; path = Assets.xcassets; sourceTree = "<group>"; };
		963927411C40E1C500BEB277 /* Base */ = {isa = PBXFileReference; lastKnownFileType = file.storyboard; name = Base; path = Base.lproj/LaunchScreen.storyboard; sourceTree = "<group>"; };
		963927431C40E1C500BEB277 /* Info.plist */ = {isa = PBXFileReference; lastKnownFileType = text.plist.xml; path = Info.plist; sourceTree = "<group>"; };
		9639274A1C40E2B300BEB277 /* Card.h */ = {isa = PBXFileReference; fileEncoding = 4; lastKnownFileType = sourcecode.c.h; path = Card.h; sourceTree = "<group>"; };
		9639274B1C40E2B300BEB277 /* Card.m */ = {isa = PBXFileReference; fileEncoding = 4; lastKnownFileType = sourcecode.c.objc; path = Card.m; sourceTree = "<group>"; };
		9639274C1C40E2B300BEB277 /* Conekta.h */ = {isa = PBXFileReference; fileEncoding = 4; lastKnownFileType = sourcecode.c.h; path = Conekta.h; sourceTree = "<group>"; };
		9639274D1C40E2B300BEB277 /* Conekta.m */ = {isa = PBXFileReference; fileEncoding = 4; lastKnownFileType = sourcecode.c.objc; path = Conekta.m; sourceTree = "<group>"; };
		9639274E1C40E2B300BEB277 /* Conekta.xcodeproj */ = {isa = PBXFileReference; lastKnownFileType = "wrapper.pb-project"; path = Conekta.xcodeproj; sourceTree = "<group>"; };
		963927511C40E2B300BEB277 /* Connection.h */ = {isa = PBXFileReference; fileEncoding = 4; lastKnownFileType = sourcecode.c.h; path = Connection.h; sourceTree = "<group>"; };
		963927521C40E2B300BEB277 /* Connection.m */ = {isa = PBXFileReference; fileEncoding = 4; lastKnownFileType = sourcecode.c.objc; path = Connection.m; sourceTree = "<group>"; };
		963927531C40E2B300BEB277 /* Token.h */ = {isa = PBXFileReference; fileEncoding = 4; lastKnownFileType = sourcecode.c.h; path = Token.h; sourceTree = "<group>"; };
		963927541C40E2B300BEB277 /* Token.m */ = {isa = PBXFileReference; fileEncoding = 4; lastKnownFileType = sourcecode.c.objc; path = Token.m; sourceTree = "<group>"; };
/* End PBXFileReference section */

/* Begin PBXFrameworksBuildPhase section */
		9639272C1C40E1C500BEB277 /* Frameworks */ = {
			isa = PBXFrameworksBuildPhase;
			buildActionMask = 2147483647;
			files = (
			);
			runOnlyForDeploymentPostprocessing = 0;
		};
/* End PBXFrameworksBuildPhase section */

/* Begin PBXGroup section */
		963927261C40E1C500BEB277 = {
			isa = PBXGroup;
			children = (
				963927311C40E1C500BEB277 /* ConektaToken */,
				963927301C40E1C500BEB277 /* Products */,
			);
			sourceTree = "<group>";
		};
		963927301C40E1C500BEB277 /* Products */ = {
			isa = PBXGroup;
			children = (
				9639272F1C40E1C500BEB277 /* ConektaToken.app */,
			);
			name = Products;
			sourceTree = "<group>";
		};
		963927311C40E1C500BEB277 /* ConektaToken */ = {
			isa = PBXGroup;
			children = (
				9639275A1C40E2C700BEB277 /* Controllers */,
				963927591C40E2C100BEB277 /* Main */,
				963927491C40E1FA00BEB277 /* Conekta */,
				9639273B1C40E1C500BEB277 /* Main.storyboard */,
				9639273E1C40E1C500BEB277 /* Assets.xcassets */,
				963927401C40E1C500BEB277 /* LaunchScreen.storyboard */,
				963927431C40E1C500BEB277 /* Info.plist */,
				963927321C40E1C500BEB277 /* Supporting Files */,
			);
			path = ConektaToken;
			sourceTree = "<group>";
		};
		963927321C40E1C500BEB277 /* Supporting Files */ = {
			isa = PBXGroup;
			children = (
				963927331C40E1C500BEB277 /* main.m */,
			);
			name = "Supporting Files";
			sourceTree = "<group>";
		};
		963927491C40E1FA00BEB277 /* Conekta */ = {
			isa = PBXGroup;
			children = (
				9639274A1C40E2B300BEB277 /* Card.h */,
				9639274B1C40E2B300BEB277 /* Card.m */,
				9639274C1C40E2B300BEB277 /* Conekta.h */,
				9639274D1C40E2B300BEB277 /* Conekta.m */,
				9639274E1C40E2B300BEB277 /* Conekta.xcodeproj */,
				963927511C40E2B300BEB277 /* Connection.h */,
				963927521C40E2B300BEB277 /* Connection.m */,
				963927531C40E2B300BEB277 /* Token.h */,
				963927541C40E2B300BEB277 /* Token.m */,
			);
			name = Conekta;
			sourceTree = "<group>";
		};
		9639274F1C40E2B300BEB277 /* Products */ = {
			isa = PBXGroup;
			children = (
			);
			name = Products;
			sourceTree = "<group>";
		};
		963927591C40E2C100BEB277 /* Main */ = {
			isa = PBXGroup;
			children = (
				963927351C40E1C500BEB277 /* AppDelegate.h */,
				963927361C40E1C500BEB277 /* AppDelegate.m */,
			);
			name = Main;
			sourceTree = "<group>";
		};
		9639275A1C40E2C700BEB277 /* Controllers */ = {
			isa = PBXGroup;
			children = (
				963927381C40E1C500BEB277 /* Start.h */,
				963927391C40E1C500BEB277 /* Start.m */,
			);
			name = Controllers;
			sourceTree = "<group>";
		};
/* End PBXGroup section */

/* Begin PBXNativeTarget section */
		9639272E1C40E1C500BEB277 /* ConektaToken */ = {
			isa = PBXNativeTarget;
			buildConfigurationList = 963927461C40E1C500BEB277 /* Build configuration list for PBXNativeTarget "ConektaToken" */;
			buildPhases = (
				9639272B1C40E1C500BEB277 /* Sources */,
				9639272C1C40E1C500BEB277 /* Frameworks */,
				9639272D1C40E1C500BEB277 /* Resources */,
			);
			buildRules = (
			);
			dependencies = (
			);
			name = ConektaToken;
			productName = ConektaToken;
			productReference = 9639272F1C40E1C500BEB277 /* ConektaToken.app */;
			productType = "com.apple.product-type.application";
		};
/* End PBXNativeTarget section */

/* Begin PBXProject section */
		963927271C40E1C500BEB277 /* Project object */ = {
			isa = PBXProject;
			attributes = {
				LastUpgradeCheck = 0710;
				ORGANIZATIONNAME = "Felicitas Martínez Gómez";
				TargetAttributes = {
					9639272E1C40E1C500BEB277 = {
						CreatedOnToolsVersion = 7.1.1;
					};
				};
			};
			buildConfigurationList = 9639272A1C40E1C500BEB277 /* Build configuration list for PBXProject "ConektaToken" */;
			compatibilityVersion = "Xcode 3.2";
			developmentRegion = English;
			hasScannedForEncodings = 0;
			knownRegions = (
				en,
				Base,
			);
			mainGroup = 963927261C40E1C500BEB277;
			productRefGroup = 963927301C40E1C500BEB277 /* Products */;
			projectDirPath = "";
			projectReferences = (
				{
					ProductGroup = 9639274F1C40E2B300BEB277 /* Products */;
					ProjectRef = 9639274E1C40E2B300BEB277 /* Conekta.xcodeproj */;
				},
			);
			projectRoot = "";
			targets = (
				9639272E1C40E1C500BEB277 /* ConektaToken */,
			);
		};
/* End PBXProject section */

/* Begin PBXResourcesBuildPhase section */
		9639272D1C40E1C500BEB277 /* Resources */ = {
			isa = PBXResourcesBuildPhase;
			buildActionMask = 2147483647;
			files = (
				963927421C40E1C500BEB277 /* LaunchScreen.storyboard in Resources */,
				9639273F1C40E1C500BEB277 /* Assets.xcassets in Resources */,
				9639273D1C40E1C500BEB277 /* Main.storyboard in Resources */,
			);
			runOnlyForDeploymentPostprocessing = 0;
		};
/* End PBXResourcesBuildPhase section */

/* Begin PBXSourcesBuildPhase section */
		9639272B1C40E1C500BEB277 /* Sources */ = {
			isa = PBXSourcesBuildPhase;
			buildActionMask = 2147483647;
			files = (
				963927581C40E2B300BEB277 /* Token.m in Sources */,
				9639273A1C40E1C500BEB277 /* Start.m in Sources */,
				963927371C40E1C500BEB277 /* AppDelegate.m in Sources */,
				963927561C40E2B300BEB277 /* Conekta.m in Sources */,
				963927341C40E1C500BEB277 /* main.m in Sources */,
				963927551C40E2B300BEB277 /* Card.m in Sources */,
				963927571C40E2B300BEB277 /* Connection.m in Sources */,
			);
			runOnlyForDeploymentPostprocessing = 0;
		};
/* End PBXSourcesBuildPhase section */

/* Begin PBXVariantGroup section */
		9639273B1C40E1C500BEB277 /* Main.storyboard */ = {
			isa = PBXVariantGroup;
			children = (
				9639273C1C40E1C500BEB277 /* Base */,
			);
			name = Main.storyboard;
			sourceTree = "<group>";
		};
		963927401C40E1C500BEB277 /* LaunchScreen.storyboard */ = {
			isa = PBXVariantGroup;
			children = (
				963927411C40E1C500BEB277 /* Base */,
			);
			name = LaunchScreen.storyboard;
			sourceTree = "<group>";
		};
/* End PBXVariantGroup section */

/* Begin XCBuildConfiguration section */
		963927441C40E1C500BEB277 /* Debug */ = {
			isa = XCBuildConfiguration;
			buildSettings = {
				ALWAYS_SEARCH_USER_PATHS = NO;
				CLANG_CXX_LANGUAGE_STANDARD = "gnu++0x";
				CLANG_CXX_LIBRARY = "libc++";
				CLANG_ENABLE_MODULES = YES;
				CLANG_ENABLE_OBJC_ARC = YES;
				CLANG_WARN_BOOL_CONVERSION = YES;
				CLANG_WARN_CONSTANT_CONVERSION = YES;
				CLANG_WARN_DIRECT_OBJC_ISA_USAGE = YES_ERROR;
				CLANG_WARN_EMPTY_BODY = YES;
				CLANG_WARN_ENUM_CONVERSION = YES;
				CLANG_WARN_INT_CONVERSION = YES;
				CLANG_WARN_OBJC_ROOT_CLASS = YES_ERROR;
				CLANG_WARN_UNREACHABLE_CODE = YES;
				CLANG_WARN__DUPLICATE_METHOD_MATCH = YES;
				"CODE_SIGN_IDENTITY[sdk=iphoneos*]" = "iPhone Developer";
				COPY_PHASE_STRIP = NO;
				DEBUG_INFORMATION_FORMAT = dwarf;
				ENABLE_STRICT_OBJC_MSGSEND = YES;
				ENABLE_TESTABILITY = YES;
				GCC_C_LANGUAGE_STANDARD = gnu99;
				GCC_DYNAMIC_NO_PIC = NO;
				GCC_NO_COMMON_BLOCKS = YES;
				GCC_OPTIMIZATION_LEVEL = 0;
				GCC_PREPROCESSOR_DEFINITIONS = (
					"DEBUG=1",
					"$(inherited)",
				);
				GCC_WARN_64_TO_32_BIT_CONVERSION = YES;
				GCC_WARN_ABOUT_RETURN_TYPE = YES_ERROR;
				GCC_WARN_UNDECLARED_SELECTOR = YES;
				GCC_WARN_UNINITIALIZED_AUTOS = YES_AGGRESSIVE;
				GCC_WARN_UNUSED_FUNCTION = YES;
				GCC_WARN_UNUSED_VARIABLE = YES;
				IPHONEOS_DEPLOYMENT_TARGET = 9.1;
				MTL_ENABLE_DEBUG_INFO = YES;
				ONLY_ACTIVE_ARCH = YES;
				SDKROOT = iphoneos;
				TARGETED_DEVICE_FAMILY = "1,2";
			};
			name = Debug;
		};
		963927451C40E1C500BEB277 /* Release */ = {
			isa = XCBuildConfiguration;
			buildSettings = {
				ALWAYS_SEARCH_USER_PATHS = NO;
				CLANG_CXX_LANGUAGE_STANDARD = "gnu++0x";
				CLANG_CXX_LIBRARY = "libc++";
				CLANG_ENABLE_MODULES = YES;
				CLANG_ENABLE_OBJC_ARC = YES;
				CLANG_WARN_BOOL_CONVERSION = YES;
				CLANG_WARN_CONSTANT_CONVERSION = YES;
				CLANG_WARN_DIRECT_OBJC_ISA_USAGE = YES_ERROR;
				CLANG_WARN_EMPTY_BODY = YES;
				CLANG_WARN_ENUM_CONVERSION = YES;
				CLANG_WARN_INT_CONVERSION = YES;
				CLANG_WARN_OBJC_ROOT_CLASS = YES_ERROR;
				CLANG_WARN_UNREACHABLE_CODE = YES;
				CLANG_WARN__DUPLICATE_METHOD_MATCH = YES;
				"CODE_SIGN_IDENTITY[sdk=iphoneos*]" = "iPhone Developer";
				COPY_PHASE_STRIP = NO;
				DEBUG_INFORMATION_FORMAT = "dwarf-with-dsym";
				ENABLE_NS_ASSERTIONS = NO;
				ENABLE_STRICT_OBJC_MSGSEND = YES;
				GCC_C_LANGUAGE_STANDARD = gnu99;
				GCC_NO_COMMON_BLOCKS = YES;
				GCC_WARN_64_TO_32_BIT_CONVERSION = YES;
				GCC_WARN_ABOUT_RETURN_TYPE = YES_ERROR;
				GCC_WARN_UNDECLARED_SELECTOR = YES;
				GCC_WARN_UNINITIALIZED_AUTOS = YES_AGGRESSIVE;
				GCC_WARN_UNUSED_FUNCTION = YES;
				GCC_WARN_UNUSED_VARIABLE = YES;
				IPHONEOS_DEPLOYMENT_TARGET = 9.1;
				MTL_ENABLE_DEBUG_INFO = NO;
				SDKROOT = iphoneos;
				TARGETED_DEVICE_FAMILY = "1,2";
				VALIDATE_PRODUCT = YES;
			};
			name = Release;
		};
		963927471C40E1C500BEB277 /* Debug */ = {
			isa = XCBuildConfiguration;
			buildSettings = {
				ASSETCATALOG_COMPILER_APPICON_NAME = AppIcon;
				INFOPLIST_FILE = ConektaToken/Info.plist;
				LD_RUNPATH_SEARCH_PATHS = "$(inherited) @executable_path/Frameworks";
				LIBRARY_SEARCH_PATHS = (
					"$(inherited)",
					"$(PROJECT_DIR)/Conekta",
				);
				PRODUCT_BUNDLE_IDENTIFIER = felimargom.ConektaToken;
				PRODUCT_NAME = "$(TARGET_NAME)";
			};
			name = Debug;
		};
		963927481C40E1C500BEB277 /* Release */ = {
			isa = XCBuildConfiguration;
			buildSettings = {
				ASSETCATALOG_COMPILER_APPICON_NAME = AppIcon;
				INFOPLIST_FILE = ConektaToken/Info.plist;
				LD_RUNPATH_SEARCH_PATHS = "$(inherited) @executable_path/Frameworks";
				LIBRARY_SEARCH_PATHS = (
					"$(inherited)",
					"$(PROJECT_DIR)/Conekta",
				);
				PRODUCT_BUNDLE_IDENTIFIER = felimargom.ConektaToken;
				PRODUCT_NAME = "$(TARGET_NAME)";
			};
			name = Release;
		};
/* End XCBuildConfiguration section */

/* Begin XCConfigurationList section */
		9639272A1C40E1C500BEB277 /* Build configuration list for PBXProject "ConektaToken" */ = {
			isa = XCConfigurationList;
			buildConfigurations = (
				963927441C40E1C500BEB277 /* Debug */,
				963927451C40E1C500BEB277 /* Release */,
			);
			defaultConfigurationIsVisible = 0;
			defaultConfigurationName = Release;
		};
		963927461C40E1C500BEB277 /* Build configuration list for PBXNativeTarget "ConektaToken" */ = {
			isa = XCConfigurationList;
			buildConfigurations = (
				963927471C40E1C500BEB277 /* Debug */,
				963927481C40E1C500BEB277 /* Release */,
			);
			defaultConfigurationIsVisible = 0;
		};
/* End XCConfigurationList section */
	};
	rootObject = 963927271C40E1C500BEB277 /* Project object */;
}
